
Microsoft Visual Studio Solution File, Format Version 12.00
# Visual Studio Version 17
VisualStudioVersion = 17.7.34221.43
MinimumVisualStudioVersion = 10.0.40219.1
Project("{FAE04EC0-301F-11D3-BF4B-00C04F79EFBC}") = "VerbShutActivator", "VerbShutActivator.csproj", "{073C1D2C-1267-4923-8674-C1C93D671519}"
EndProject
Global
	GlobalSection(SolutionConfigurationPlatforms) = preSolution
		Debug|Any CPU = Debug|Any CPU
		Release|Any CPU = Release|Any CPU
	EndGlobalSection
	GlobalSection(ProjectConfigurationPlatforms) = postSolution
		{073C1D2C-1267-4923-8674-C1C93D671519}.Debug|Any CPU.ActiveCfg = Debug|Any CPU
		{073C1D2C-1267-4923-8674-C1C93D671519}.Debug|Any CPU.Build.0 = Debug|Any CPU
		{073C1D2C-1267-4923-8674-C1C93D671519}.Release|Any CPU.ActiveCfg = Release|Any CPU
		{073C1D2C-1267-4923-8674-C1C93D671519}.Release|Any CPU.Build.0 = Release|Any CPU
	EndGlobalSection
	GlobalSection(SolutionProperties) = preSolution
		HideSolutionNode = FALSE
	EndGlobalSection
	GlobalSection(ExtensibilityGlobals) = postSolution
		SolutionGuid = {1757EFA5-FFAA-4C8F-8CAF-A28C3EA1454F}
	EndGlobalSection
EndGlobal
